
Microsoft Visual Studio Solution File, Format Version 12.00
# Visual Studio Version 16
VisualStudioVersion = 16.0.33801.447
MinimumVisualStudioVersion = 10.0.40219.1
Project("{FAE04EC0-301F-11D3-BF4B-00C04F79EFBC}") = "project1", "project1\project1.csproj", "{DFA391CE-1FD0-4DB3-A1BA-F1731D3B29D1}"
EndProject
Global
	GlobalSection(SolutionConfigurationPlatforms) = preSolution
		Debug|Any CPU = Debug|Any CPU
		Release|Any CPU = Release|Any CPU
	EndGlobalSection
	GlobalSection(ProjectConfigurationPlatforms) = postSolution
		{DFA391CE-1FD0-4DB3-A1BA-F1731D3B29D1}.Debug|Any CPU.ActiveCfg = Debug|Any CPU
		{DFA391CE-1FD0-4DB3-A1BA-F1731D3B29D1}.Debug|Any CPU.Build.0 = Debug|Any CPU
		{DFA391CE-1FD0-4DB3-A1BA-F1731D3B29D1}.Release|Any CPU.ActiveCfg = Release|Any CPU
		{DFA391CE-1FD0-4DB3-A1BA-F1731D3B29D1}.Release|Any CPU.Build.0 = Release|Any CPU
	EndGlobalSection
	GlobalSection(SolutionProperties) = preSolution
		HideSolutionNode = FALSE
	EndGlobalSection
	GlobalSection(ExtensibilityGlobals) = postSolution
		SolutionGuid = {171FE442-63A2-47CE-B2CF-39E25EA486E1}
	EndGlobalSection
EndGlobal
