
Microsoft Visual Studio Solution File, Format Version 12.00
# Visual Studio Version 16
VisualStudioVersion = 16.0.33801.447
MinimumVisualStudioVersion = 10.0.40219.1
Project("{FAE04EC0-301F-11D3-BF4B-00C04F79EFBC}") = "ConsoleApp8", "ConsoleApp8\ConsoleApp8.csproj", "{D1689908-F7F4-4674-A2C2-F1C4820A3950}"
EndProject
Global
	GlobalSection(SolutionConfigurationPlatforms) = preSolution
		Debug|Any CPU = Debug|Any CPU
		Release|Any CPU = Release|Any CPU
	EndGlobalSection
	GlobalSection(ProjectConfigurationPlatforms) = postSolution
		{D1689908-F7F4-4674-A2C2-F1C4820A3950}.Debug|Any CPU.ActiveCfg = Debug|Any CPU
		{D1689908-F7F4-4674-A2C2-F1C4820A3950}.Debug|Any CPU.Build.0 = Debug|Any CPU
		{D1689908-F7F4-4674-A2C2-F1C4820A3950}.Release|Any CPU.ActiveCfg = Release|Any CPU
		{D1689908-F7F4-4674-A2C2-F1C4820A3950}.Release|Any CPU.Build.0 = Release|Any CPU
	EndGlobalSection
	GlobalSection(SolutionProperties) = preSolution
		HideSolutionNode = FALSE
	EndGlobalSection
	GlobalSection(ExtensibilityGlobals) = postSolution
		SolutionGuid = {DEAF2551-65BA-491C-99C0-C0767FA3CB7D}
	EndGlobalSection
EndGlobal
